
Microsoft Visual Studio Solution File, Format Version 12.00
# Visual Studio 16
Project("{FAE04EC0-301F-11D3-BF4B-00C04F79EFBC}") = "Assembly-CSharp", "Assembly-CSharp.csproj", "{50AD94F4-555F-3B58-68C5-B02CB0E25852}"
EndProject
Project("{FAE04EC0-301F-11D3-BF4B-00C04F79EFBC}") = "Assembly-CSharp-firstpass", "Assembly-CSharp-firstpass.csproj", "{32D20F7A-E0B7-560A-B6CF-0CA7BD1CB2B7}"
EndProject
Project("{FAE04EC0-301F-11D3-BF4B-00C04F79EFBC}") = "Assembly-CSharp-Editor-firstpass", "Assembly-CSharp-Editor-firstpass.csproj", "{4D55C198-EB9B-B644-6F33-BF79CC35A416}"
EndProject
Global
	GlobalSection(SolutionConfigurationPlatforms) = preSolution
		Debug|Any CPU = Debug|Any CPU
		Release|Any CPU = Release|Any CPU
	EndGlobalSection
	GlobalSection(ProjectConfigurationPlatforms) = postSolution
		{50AD94F4-555F-3B58-68C5-B02CB0E25852}.Debug|Any CPU.ActiveCfg = Debug|Any CPU
		{50AD94F4-555F-3B58-68C5-B02CB0E25852}.Debug|Any CPU.Build.0 = Debug|Any CPU
		{50AD94F4-555F-3B58-68C5-B02CB0E25852}.Release|Any CPU.ActiveCfg = Release|Any CPU
		{50AD94F4-555F-3B58-68C5-B02CB0E25852}.Release|Any CPU.Build.0 = Release|Any CPU
		{32D20F7A-E0B7-560A-B6CF-0CA7BD1CB2B7}.Debug|Any CPU.ActiveCfg = Debug|Any CPU
		{32D20F7A-E0B7-560A-B6CF-0CA7BD1CB2B7}.Debug|Any CPU.Build.0 = Debug|Any CPU
		{32D20F7A-E0B7-560A-B6CF-0CA7BD1CB2B7}.Release|Any CPU.ActiveCfg = Release|Any CPU
		{32D20F7A-E0B7-560A-B6CF-0CA7BD1CB2B7}.Release|Any CPU.Build.0 = Release|Any CPU
		{4D55C198-EB9B-B644-6F33-BF79CC35A416}.Debug|Any CPU.ActiveCfg = Debug|Any CPU
		{4D55C198-EB9B-B644-6F33-BF79CC35A416}.Debug|Any CPU.Build.0 = Debug|Any CPU
		{4D55C198-EB9B-B644-6F33-BF79CC35A416}.Release|Any CPU.ActiveCfg = Release|Any CPU
		{4D55C198-EB9B-B644-6F33-BF79CC35A416}.Release|Any CPU.Build.0 = Release|Any CPU
	EndGlobalSection
	GlobalSection(SolutionProperties) = preSolution
		HideSolutionNode = FALSE
	EndGlobalSection
EndGlobal
